
Microsoft Visual Studio Solution File, Format Version 12.00
# Visual Studio Version 16
VisualStudioVersion = 16.0.30309.148
MinimumVisualStudioVersion = 10.0.40219.1
Project("{FAE04EC0-301F-11D3-BF4B-00C04F79EFBC}") = "Capa_Datos", "Capa_Datos\Capa_Datos.csproj", "{C4338B1D-F18B-426C-86E7-090323166A2F}"
EndProject
Project("{FAE04EC0-301F-11D3-BF4B-00C04F79EFBC}") = "Capa_Negocio", "Capa_Negocio\Capa_Negocio.csproj", "{568FE3C2-0C0E-4DE2-B498-2EB125921384}"
EndProject
Project("{FAE04EC0-301F-11D3-BF4B-00C04F79EFBC}") = "Capa_Entidad", "Capa_Entidad\Capa_Entidad.csproj", "{45FF17F2-4BBF-4426-B9F3-3816710AD8A8}"
EndProject
Project("{FAE04EC0-301F-11D3-BF4B-00C04F79EFBC}") = "Capa_Servicio", "Capa_Servicio\Capa_Servicio.csproj", "{A20578CD-C0D5-48EF-8A56-85630F93CC1E}"
EndProject
Project("{FAE04EC0-301F-11D3-BF4B-00C04F79EFBC}") = "Capa_Presentacion", "Capa_Presentacion\Capa_Presentacion.csproj", "{D46F21C8-7756-4612-8058-15BAB3C62172}"
EndProject
Global
	GlobalSection(SolutionConfigurationPlatforms) = preSolution
		Debug|Any CPU = Debug|Any CPU
		Release|Any CPU = Release|Any CPU
	EndGlobalSection
	GlobalSection(ProjectConfigurationPlatforms) = postSolution
		{C4338B1D-F18B-426C-86E7-090323166A2F}.Debug|Any CPU.ActiveCfg = Debug|Any CPU
		{C4338B1D-F18B-426C-86E7-090323166A2F}.Debug|Any CPU.Build.0 = Debug|Any CPU
		{C4338B1D-F18B-426C-86E7-090323166A2F}.Release|Any CPU.ActiveCfg = Release|Any CPU
		{C4338B1D-F18B-426C-86E7-090323166A2F}.Release|Any CPU.Build.0 = Release|Any CPU
		{568FE3C2-0C0E-4DE2-B498-2EB125921384}.Debug|Any CPU.ActiveCfg = Debug|Any CPU
		{568FE3C2-0C0E-4DE2-B498-2EB125921384}.Debug|Any CPU.Build.0 = Debug|Any CPU
		{568FE3C2-0C0E-4DE2-B498-2EB125921384}.Release|Any CPU.ActiveCfg = Release|Any CPU
		{568FE3C2-0C0E-4DE2-B498-2EB125921384}.Release|Any CPU.Build.0 = Release|Any CPU
		{45FF17F2-4BBF-4426-B9F3-3816710AD8A8}.Debug|Any CPU.ActiveCfg = Debug|Any CPU
		{45FF17F2-4BBF-4426-B9F3-3816710AD8A8}.Debug|Any CPU.Build.0 = Debug|Any CPU
		{45FF17F2-4BBF-4426-B9F3-3816710AD8A8}.Release|Any CPU.ActiveCfg = Release|Any CPU
		{45FF17F2-4BBF-4426-B9F3-3816710AD8A8}.Release|Any CPU.Build.0 = Release|Any CPU
		{A20578CD-C0D5-48EF-8A56-85630F93CC1E}.Debug|Any CPU.ActiveCfg = Debug|Any CPU
		{A20578CD-C0D5-48EF-8A56-85630F93CC1E}.Debug|Any CPU.Build.0 = Debug|Any CPU
		{A20578CD-C0D5-48EF-8A56-85630F93CC1E}.Release|Any CPU.ActiveCfg = Release|Any CPU
		{A20578CD-C0D5-48EF-8A56-85630F93CC1E}.Release|Any CPU.Build.0 = Release|Any CPU
		{D46F21C8-7756-4612-8058-15BAB3C62172}.Debug|Any CPU.ActiveCfg = Debug|Any CPU
		{D46F21C8-7756-4612-8058-15BAB3C62172}.Debug|Any CPU.Build.0 = Debug|Any CPU
		{D46F21C8-7756-4612-8058-15BAB3C62172}.Release|Any CPU.ActiveCfg = Release|Any CPU
		{D46F21C8-7756-4612-8058-15BAB3C62172}.Release|Any CPU.Build.0 = Release|Any CPU
	EndGlobalSection
	GlobalSection(SolutionProperties) = preSolution
		HideSolutionNode = FALSE
	EndGlobalSection
	GlobalSection(ExtensibilityGlobals) = postSolution
		SolutionGuid = {61EAC25C-4C02-48DF-8EE9-1EB302931ABF}
	EndGlobalSection
EndGlobal
